
Microsoft Visual Studio Solution File, Format Version 12.00
# Visual Studio Version 17
VisualStudioVersion = 17.2.32630.192
MinimumVisualStudioVersion = 10.0.40219.1
Project("{9A19103F-16F7-4668-BE54-9A1E7A4F7556}") = "Renovators", "Renovators.csproj", "{12001B4A-825E-404B-994B-B95049DA7380}"
EndProject
Global
	GlobalSection(SolutionConfigurationPlatforms) = preSolution
		Debug|Any CPU = Debug|Any CPU
		Release|Any CPU = Release|Any CPU
	EndGlobalSection
	GlobalSection(ProjectConfigurationPlatforms) = postSolution
		{12001B4A-825E-404B-994B-B95049DA7380}.Debug|Any CPU.ActiveCfg = Debug|Any CPU
		{12001B4A-825E-404B-994B-B95049DA7380}.Debug|Any CPU.Build.0 = Debug|Any CPU
		{12001B4A-825E-404B-994B-B95049DA7380}.Release|Any CPU.ActiveCfg = Release|Any CPU
		{12001B4A-825E-404B-994B-B95049DA7380}.Release|Any CPU.Build.0 = Release|Any CPU
	EndGlobalSection
	GlobalSection(SolutionProperties) = preSolution
		HideSolutionNode = FALSE
	EndGlobalSection
	GlobalSection(ExtensibilityGlobals) = postSolution
		SolutionGuid = {9A6183E5-10C4-4D8B-84A6-8ABAF8DB9F8E}
	EndGlobalSection
EndGlobal
